
Microsoft Visual Studio Solution File, Format Version 12.00
# Visual Studio 14
VisualStudioVersion = 14.0.22823.1
MinimumVisualStudioVersion = 10.0.40219.1
Project("{2150E333-8FDC-42A3-9474-1A3956D46DE8}") = "Tests", "Tests", "{00D6A4C7-E74F-4098-A434-241C05E06E06}"
EndProject
Project("{FAE04EC0-301F-11D3-BF4B-00C04F79EFBC}") = "Finances", "Finances\Finances.csproj", "{3D9C8E22-6A8C-4651-9440-163A12EFA35C}"
EndProject
Project("{FAE04EC0-301F-11D3-BF4B-00C04F79EFBC}") = "Tracker", "Tracker\Tracker.csproj", "{F31FA3EB-4F11-4A61-A67D-E6C77EEC470C}"
EndProject
Project("{FAE04EC0-301F-11D3-BF4B-00C04F79EFBC}") = "Visualization", "Visualization\Visualization.csproj", "{35B3BC50-DADA-47A4-A37D-B26F4BB4724E}"
EndProject
Project("{FAE04EC0-301F-11D3-BF4B-00C04F79EFBC}") = "Visualization.Tests", "Tests\Visualization.Tests\Visualization.Tests.csproj", "{5CB3BA1F-00E9-4721-896F-91396853682C}"
EndProject
Project("{FAE04EC0-301F-11D3-BF4B-00C04F79EFBC}") = "Trends", "Trends\Trends.csproj", "{13FB303D-7AE5-48D6-A8DA-602526EC2C32}"
EndProject
Project("{FAE04EC0-301F-11D3-BF4B-00C04F79EFBC}") = "Trends.Tests", "Tests\Trends.Tests\Trends.Tests.csproj", "{0F72DA7F-C26D-4DCB-87A0-D3A06A9F23EA}"
EndProject
Project("{FAE04EC0-301F-11D3-BF4B-00C04F79EFBC}") = "Tracker.UnitTests", "Tests\Tracker.UnitTests\Tracker.UnitTests.csproj", "{2C80B2A4-7B0D-4ACF-98C1-D1C7BB3C42FF}"
EndProject
Project("{2150E333-8FDC-42A3-9474-1A3956D46DE8}") = "Data", "Data", "{6C8A8C8B-47B7-47B5-9A93-82214B2AC77C}"
	ProjectSection(SolutionItems) = preProject
		Data\Records.xml = Data\Records.xml
	EndProjectSection
EndProject
Global
	GlobalSection(SolutionConfigurationPlatforms) = preSolution
		Debug|Any CPU = Debug|Any CPU
		Release|Any CPU = Release|Any CPU
	EndGlobalSection
	GlobalSection(ProjectConfigurationPlatforms) = postSolution
		{3D9C8E22-6A8C-4651-9440-163A12EFA35C}.Debug|Any CPU.ActiveCfg = Debug|Any CPU
		{3D9C8E22-6A8C-4651-9440-163A12EFA35C}.Debug|Any CPU.Build.0 = Debug|Any CPU
		{3D9C8E22-6A8C-4651-9440-163A12EFA35C}.Release|Any CPU.ActiveCfg = Release|Any CPU
		{3D9C8E22-6A8C-4651-9440-163A12EFA35C}.Release|Any CPU.Build.0 = Release|Any CPU
		{F31FA3EB-4F11-4A61-A67D-E6C77EEC470C}.Debug|Any CPU.ActiveCfg = Debug|Any CPU
		{F31FA3EB-4F11-4A61-A67D-E6C77EEC470C}.Debug|Any CPU.Build.0 = Debug|Any CPU
		{F31FA3EB-4F11-4A61-A67D-E6C77EEC470C}.Release|Any CPU.ActiveCfg = Release|Any CPU
		{F31FA3EB-4F11-4A61-A67D-E6C77EEC470C}.Release|Any CPU.Build.0 = Release|Any CPU
		{35B3BC50-DADA-47A4-A37D-B26F4BB4724E}.Debug|Any CPU.ActiveCfg = Debug|Any CPU
		{35B3BC50-DADA-47A4-A37D-B26F4BB4724E}.Debug|Any CPU.Build.0 = Debug|Any CPU
		{35B3BC50-DADA-47A4-A37D-B26F4BB4724E}.Release|Any CPU.ActiveCfg = Release|Any CPU
		{35B3BC50-DADA-47A4-A37D-B26F4BB4724E}.Release|Any CPU.Build.0 = Release|Any CPU
		{5CB3BA1F-00E9-4721-896F-91396853682C}.Debug|Any CPU.ActiveCfg = Debug|Any CPU
		{5CB3BA1F-00E9-4721-896F-91396853682C}.Debug|Any CPU.Build.0 = Debug|Any CPU
		{5CB3BA1F-00E9-4721-896F-91396853682C}.Release|Any CPU.ActiveCfg = Release|Any CPU
		{5CB3BA1F-00E9-4721-896F-91396853682C}.Release|Any CPU.Build.0 = Release|Any CPU
		{13FB303D-7AE5-48D6-A8DA-602526EC2C32}.Debug|Any CPU.ActiveCfg = Debug|Any CPU
		{13FB303D-7AE5-48D6-A8DA-602526EC2C32}.Debug|Any CPU.Build.0 = Debug|Any CPU
		{13FB303D-7AE5-48D6-A8DA-602526EC2C32}.Release|Any CPU.ActiveCfg = Release|Any CPU
		{13FB303D-7AE5-48D6-A8DA-602526EC2C32}.Release|Any CPU.Build.0 = Release|Any CPU
		{0F72DA7F-C26D-4DCB-87A0-D3A06A9F23EA}.Debug|Any CPU.ActiveCfg = Debug|Any CPU
		{0F72DA7F-C26D-4DCB-87A0-D3A06A9F23EA}.Debug|Any CPU.Build.0 = Debug|Any CPU
		{0F72DA7F-C26D-4DCB-87A0-D3A06A9F23EA}.Release|Any CPU.ActiveCfg = Release|Any CPU
		{0F72DA7F-C26D-4DCB-87A0-D3A06A9F23EA}.Release|Any CPU.Build.0 = Release|Any CPU
		{2C80B2A4-7B0D-4ACF-98C1-D1C7BB3C42FF}.Debug|Any CPU.ActiveCfg = Debug|Any CPU
		{2C80B2A4-7B0D-4ACF-98C1-D1C7BB3C42FF}.Debug|Any CPU.Build.0 = Debug|Any CPU
		{2C80B2A4-7B0D-4ACF-98C1-D1C7BB3C42FF}.Release|Any CPU.ActiveCfg = Release|Any CPU
		{2C80B2A4-7B0D-4ACF-98C1-D1C7BB3C42FF}.Release|Any CPU.Build.0 = Release|Any CPU
	EndGlobalSection
	GlobalSection(SolutionProperties) = preSolution
		HideSolutionNode = FALSE
	EndGlobalSection
	GlobalSection(NestedProjects) = preSolution
		{5CB3BA1F-00E9-4721-896F-91396853682C} = {00D6A4C7-E74F-4098-A434-241C05E06E06}
		{0F72DA7F-C26D-4DCB-87A0-D3A06A9F23EA} = {00D6A4C7-E74F-4098-A434-241C05E06E06}
		{2C80B2A4-7B0D-4ACF-98C1-D1C7BB3C42FF} = {00D6A4C7-E74F-4098-A434-241C05E06E06}
	EndGlobalSection
EndGlobal
