
Microsoft Visual Studio Solution File, Format Version 12.00
# Visual Studio 14
VisualStudioVersion = 14.0.23107.0
MinimumVisualStudioVersion = 10.0.40219.1
Project("{2150E333-8FDC-42A3-9474-1A3956D46DE8}") = "Tests", "Tests", "{00D6A4C7-E74F-4098-A434-241C05E06E06}"
EndProject
Project("{FAE04EC0-301F-11D3-BF4B-00C04F79EFBC}") = "UI", "UI\UI.csproj", "{0FD59724-0C03-44CA-B2FF-7E87A643DC28}"
EndProject
Project("{FAE04EC0-301F-11D3-BF4B-00C04F79EFBC}") = "Loader", "Loader\Loader.csproj", "{4973F950-534D-4326-85BE-D52544128618}"
EndProject
Project("{FAE04EC0-301F-11D3-BF4B-00C04F79EFBC}") = "UI.Tests", "Tests\UI.Tests\UI.Tests.csproj", "{A23A0562-7CEB-4204-B1A8-F6859EF6DF93}"
EndProject
Project("{FAE04EC0-301F-11D3-BF4B-00C04F79EFBC}") = "Common", "Common\Common.csproj", "{12291E9C-E39E-4867-9459-9AA6BD4792F7}"
EndProject
Project("{FAE04EC0-301F-11D3-BF4B-00C04F79EFBC}") = "Funds", "Funds\Funds.csproj", "{1A01CA3A-A33F-4A61-B797-33B635C67BAD}"
EndProject
Project("{FAE04EC0-301F-11D3-BF4B-00C04F79EFBC}") = "Funds.Tests", "Tests\Funds.Tests\Funds.Tests.csproj", "{6C54A476-4A47-48BA-936E-4DF1A4146062}"
EndProject
Global
	GlobalSection(SolutionConfigurationPlatforms) = preSolution
		Debug|Any CPU = Debug|Any CPU
		Release|Any CPU = Release|Any CPU
	EndGlobalSection
	GlobalSection(ProjectConfigurationPlatforms) = postSolution
		{0FD59724-0C03-44CA-B2FF-7E87A643DC28}.Debug|Any CPU.ActiveCfg = Debug|Any CPU
		{0FD59724-0C03-44CA-B2FF-7E87A643DC28}.Debug|Any CPU.Build.0 = Debug|Any CPU
		{0FD59724-0C03-44CA-B2FF-7E87A643DC28}.Release|Any CPU.ActiveCfg = Release|Any CPU
		{0FD59724-0C03-44CA-B2FF-7E87A643DC28}.Release|Any CPU.Build.0 = Release|Any CPU
		{4973F950-534D-4326-85BE-D52544128618}.Debug|Any CPU.ActiveCfg = Debug|Any CPU
		{4973F950-534D-4326-85BE-D52544128618}.Debug|Any CPU.Build.0 = Debug|Any CPU
		{4973F950-534D-4326-85BE-D52544128618}.Release|Any CPU.ActiveCfg = Release|Any CPU
		{4973F950-534D-4326-85BE-D52544128618}.Release|Any CPU.Build.0 = Release|Any CPU
		{A23A0562-7CEB-4204-B1A8-F6859EF6DF93}.Debug|Any CPU.ActiveCfg = Debug|Any CPU
		{A23A0562-7CEB-4204-B1A8-F6859EF6DF93}.Debug|Any CPU.Build.0 = Debug|Any CPU
		{A23A0562-7CEB-4204-B1A8-F6859EF6DF93}.Release|Any CPU.ActiveCfg = Release|Any CPU
		{A23A0562-7CEB-4204-B1A8-F6859EF6DF93}.Release|Any CPU.Build.0 = Release|Any CPU
		{12291E9C-E39E-4867-9459-9AA6BD4792F7}.Debug|Any CPU.ActiveCfg = Debug|Any CPU
		{12291E9C-E39E-4867-9459-9AA6BD4792F7}.Debug|Any CPU.Build.0 = Debug|Any CPU
		{12291E9C-E39E-4867-9459-9AA6BD4792F7}.Release|Any CPU.ActiveCfg = Release|Any CPU
		{12291E9C-E39E-4867-9459-9AA6BD4792F7}.Release|Any CPU.Build.0 = Release|Any CPU
		{1A01CA3A-A33F-4A61-B797-33B635C67BAD}.Debug|Any CPU.ActiveCfg = Debug|Any CPU
		{1A01CA3A-A33F-4A61-B797-33B635C67BAD}.Debug|Any CPU.Build.0 = Debug|Any CPU
		{1A01CA3A-A33F-4A61-B797-33B635C67BAD}.Release|Any CPU.ActiveCfg = Release|Any CPU
		{1A01CA3A-A33F-4A61-B797-33B635C67BAD}.Release|Any CPU.Build.0 = Release|Any CPU
		{6C54A476-4A47-48BA-936E-4DF1A4146062}.Debug|Any CPU.ActiveCfg = Debug|Any CPU
		{6C54A476-4A47-48BA-936E-4DF1A4146062}.Debug|Any CPU.Build.0 = Debug|Any CPU
		{6C54A476-4A47-48BA-936E-4DF1A4146062}.Release|Any CPU.ActiveCfg = Release|Any CPU
		{6C54A476-4A47-48BA-936E-4DF1A4146062}.Release|Any CPU.Build.0 = Release|Any CPU
	EndGlobalSection
	GlobalSection(SolutionProperties) = preSolution
		HideSolutionNode = FALSE
	EndGlobalSection
	GlobalSection(NestedProjects) = preSolution
		{A23A0562-7CEB-4204-B1A8-F6859EF6DF93} = {00D6A4C7-E74F-4098-A434-241C05E06E06}
		{6C54A476-4A47-48BA-936E-4DF1A4146062} = {00D6A4C7-E74F-4098-A434-241C05E06E06}
	EndGlobalSection
EndGlobal
